
Microsoft Visual Studio Solution File, Format Version 12.00
# Visual Studio Version 17
VisualStudioVersion = 17.11.35327.3
MinimumVisualStudioVersion = 10.0.40219.1
Project("{FAE04EC0-301F-11D3-BF4B-00C04F79EFBC}") = "EduTrack", "EduTrack.csproj", "{C997B894-2F61-4FA8-90F7-38858DE2DEA2}"
EndProject
Global
	GlobalSection(SolutionConfigurationPlatforms) = preSolution
		Debug|Any CPU = Debug|Any CPU
		Release|Any CPU = Release|Any CPU
	EndGlobalSection
	GlobalSection(ProjectConfigurationPlatforms) = postSolution
		{C997B894-2F61-4FA8-90F7-38858DE2DEA2}.Debug|Any CPU.ActiveCfg = Debug|Any CPU
		{C997B894-2F61-4FA8-90F7-38858DE2DEA2}.Debug|Any CPU.Build.0 = Debug|Any CPU
		{C997B894-2F61-4FA8-90F7-38858DE2DEA2}.Release|Any CPU.ActiveCfg = Release|Any CPU
		{C997B894-2F61-4FA8-90F7-38858DE2DEA2}.Release|Any CPU.Build.0 = Release|Any CPU
	EndGlobalSection
	GlobalSection(SolutionProperties) = preSolution
		HideSolutionNode = FALSE
	EndGlobalSection
	GlobalSection(ExtensibilityGlobals) = postSolution
		SolutionGuid = {0199B315-6A6E-4189-A6FD-93C08BFD2357}
	EndGlobalSection
EndGlobal
